
Microsoft Visual Studio Solution File, Format Version 12.00
# Visual Studio Version 16
VisualStudioVersion = 16.0.32802.440
MinimumVisualStudioVersion = 10.0.40219.1
Project("{FAE04EC0-301F-11D3-BF4B-00C04F79EFBC}") = "ColaPOO.Consola", "ColaPOO.Consola\ColaPOO.Consola.csproj", "{BAF65FFE-37CD-483C-BB12-84BA1E8D0BA2}"
EndProject
Project("{FAE04EC0-301F-11D3-BF4B-00C04F79EFBC}") = "ColaPOO.Entidades", "ColaPOO.Entidades\ColaPOO.Entidades.csproj", "{3B9F0C9B-410C-4A72-9A4A-FE90AEB083FD}"
EndProject
Global
	GlobalSection(SolutionConfigurationPlatforms) = preSolution
		Debug|Any CPU = Debug|Any CPU
		Release|Any CPU = Release|Any CPU
	EndGlobalSection
	GlobalSection(ProjectConfigurationPlatforms) = postSolution
		{BAF65FFE-37CD-483C-BB12-84BA1E8D0BA2}.Debug|Any CPU.ActiveCfg = Debug|Any CPU
		{BAF65FFE-37CD-483C-BB12-84BA1E8D0BA2}.Debug|Any CPU.Build.0 = Debug|Any CPU
		{BAF65FFE-37CD-483C-BB12-84BA1E8D0BA2}.Release|Any CPU.ActiveCfg = Release|Any CPU
		{BAF65FFE-37CD-483C-BB12-84BA1E8D0BA2}.Release|Any CPU.Build.0 = Release|Any CPU
		{3B9F0C9B-410C-4A72-9A4A-FE90AEB083FD}.Debug|Any CPU.ActiveCfg = Debug|Any CPU
		{3B9F0C9B-410C-4A72-9A4A-FE90AEB083FD}.Debug|Any CPU.Build.0 = Debug|Any CPU
		{3B9F0C9B-410C-4A72-9A4A-FE90AEB083FD}.Release|Any CPU.ActiveCfg = Release|Any CPU
		{3B9F0C9B-410C-4A72-9A4A-FE90AEB083FD}.Release|Any CPU.Build.0 = Release|Any CPU
	EndGlobalSection
	GlobalSection(SolutionProperties) = preSolution
		HideSolutionNode = FALSE
	EndGlobalSection
	GlobalSection(ExtensibilityGlobals) = postSolution
		SolutionGuid = {AC1C80DF-E717-438C-BD03-97FF2DC79326}
	EndGlobalSection
EndGlobal
